
Microsoft Visual Studio Solution File, Format Version 12.00
# Visual Studio Version 17
VisualStudioVersion = 17.9.34728.123
MinimumVisualStudioVersion = 10.0.40219.1
Project("{FAE04EC0-301F-11D3-BF4B-00C04F79EFBC}") = "Canarytype-alpha3", "Canarytype-alpha3\Canarytype-alpha3.csproj", "{7480F978-BF1E-47BA-BEAC-D916C15362FE}"
EndProject
Global
	GlobalSection(SolutionConfigurationPlatforms) = preSolution
		Debug|Any CPU = Debug|Any CPU
		Release|Any CPU = Release|Any CPU
	EndGlobalSection
	GlobalSection(ProjectConfigurationPlatforms) = postSolution
		{7480F978-BF1E-47BA-BEAC-D916C15362FE}.Debug|Any CPU.ActiveCfg = Debug|Any CPU
		{7480F978-BF1E-47BA-BEAC-D916C15362FE}.Debug|Any CPU.Build.0 = Debug|Any CPU
		{7480F978-BF1E-47BA-BEAC-D916C15362FE}.Release|Any CPU.ActiveCfg = Release|Any CPU
		{7480F978-BF1E-47BA-BEAC-D916C15362FE}.Release|Any CPU.Build.0 = Release|Any CPU
	EndGlobalSection
	GlobalSection(SolutionProperties) = preSolution
		HideSolutionNode = FALSE
	EndGlobalSection
	GlobalSection(ExtensibilityGlobals) = postSolution
		SolutionGuid = {411F7698-52E0-4815-9F5F-8F1A2D1FAA20}
	EndGlobalSection
EndGlobal
